
Microsoft Visual Studio Solution File, Format Version 12.00
# Visual Studio Version 16
VisualStudioVersion = 16.0.31105.61
MinimumVisualStudioVersion = 10.0.40219.1
Project("{FAE04EC0-301F-11D3-BF4B-00C04F79EFBC}") = "WpfApp1", "WPFApp1\WpfApp1.csproj", "{56D6BAB1-E937-4E03-9D31-FFFF3181C254}"
EndProject
Project("{FAE04EC0-301F-11D3-BF4B-00C04F79EFBC}") = "WpfApp1.Test", "WpfApp1.Test\WpfApp1.Test.csproj", "{E0987D78-5DF6-42D8-AD97-30DBCEBA3636}"
EndProject
Global
	GlobalSection(SolutionConfigurationPlatforms) = preSolution
		Debug|Any CPU = Debug|Any CPU
		Release|Any CPU = Release|Any CPU
	EndGlobalSection
	GlobalSection(ProjectConfigurationPlatforms) = postSolution
		{56D6BAB1-E937-4E03-9D31-FFFF3181C254}.Debug|Any CPU.ActiveCfg = Debug|Any CPU
		{56D6BAB1-E937-4E03-9D31-FFFF3181C254}.Debug|Any CPU.Build.0 = Debug|Any CPU
		{56D6BAB1-E937-4E03-9D31-FFFF3181C254}.Release|Any CPU.ActiveCfg = Release|Any CPU
		{56D6BAB1-E937-4E03-9D31-FFFF3181C254}.Release|Any CPU.Build.0 = Release|Any CPU
		{E0987D78-5DF6-42D8-AD97-30DBCEBA3636}.Debug|Any CPU.ActiveCfg = Debug|Any CPU
		{E0987D78-5DF6-42D8-AD97-30DBCEBA3636}.Debug|Any CPU.Build.0 = Debug|Any CPU
		{E0987D78-5DF6-42D8-AD97-30DBCEBA3636}.Release|Any CPU.ActiveCfg = Release|Any CPU
		{E0987D78-5DF6-42D8-AD97-30DBCEBA3636}.Release|Any CPU.Build.0 = Release|Any CPU
	EndGlobalSection
	GlobalSection(SolutionProperties) = preSolution
		HideSolutionNode = FALSE
	EndGlobalSection
	GlobalSection(ExtensibilityGlobals) = postSolution
		SolutionGuid = {AFF2F87D-087F-4921-A974-429AFF34D9DC}
	EndGlobalSection
EndGlobal
